Microsoft Visual Studio Solution File, Format Version 12.00
# Visual Studio Version 17
VisualStudioVersion = 17.5.2.0
MinimumVisualStudioVersion = 10.0.40219.1
Project("{FAE04EC0-301F-11D3-BF4B-00C04F79EFBC}") = "ExploreDelegates", "ExploreDelegates.csproj", "{6EDEC429-E779-50D4-291E-E89E65306966}"
EndProject
Global
	GlobalSection(SolutionConfigurationPlatforms) = preSolution
		Debug|Any CPU = Debug|Any CPU
		Release|Any CPU = Release|Any CPU
	EndGlobalSection
	GlobalSection(ProjectConfigurationPlatforms) = postSolution
		{6EDEC429-E779-50D4-291E-E89E65306966}.Debug|Any CPU.ActiveCfg = Debug|Any CPU
		{6EDEC429-E779-50D4-291E-E89E65306966}.Debug|Any CPU.Build.0 = Debug|Any CPU
		{6EDEC429-E779-50D4-291E-E89E65306966}.Release|Any CPU.ActiveCfg = Release|Any CPU
		{6EDEC429-E779-50D4-291E-E89E65306966}.Release|Any CPU.Build.0 = Release|Any CPU
	EndGlobalSection
	GlobalSection(SolutionProperties) = preSolution
		HideSolutionNode = FALSE
	EndGlobalSection
	GlobalSection(ExtensibilityGlobals) = postSolution
		SolutionGuid = {1131E6E8-0906-449B-BEC1-ABEE78982F95}
	EndGlobalSection
EndGlobal
